
Microsoft Visual Studio Solution File, Format Version 12.00
# Visual Studio Version 16
VisualStudioVersion = 16.0.29613.14
MinimumVisualStudioVersion = 10.0.40219.1
Project("{FAE04EC0-301F-11D3-BF4B-00C04F79EFBC}") = "CSharpFundamentals", "CSharpFundamentals\CSharpFundamentals.csproj", "{DC09F6CB-B3CC-4AF9-9251-EE66D76904D5}"
EndProject
Global
	GlobalSection(SolutionConfigurationPlatforms) = preSolution
		Debug|Any CPU = Debug|Any CPU
		Release|Any CPU = Release|Any CPU
	EndGlobalSection
	GlobalSection(ProjectConfigurationPlatforms) = postSolution
		{DC09F6CB-B3CC-4AF9-9251-EE66D76904D5}.Debug|Any CPU.ActiveCfg = Debug|Any CPU
		{DC09F6CB-B3CC-4AF9-9251-EE66D76904D5}.Debug|Any CPU.Build.0 = Debug|Any CPU
		{DC09F6CB-B3CC-4AF9-9251-EE66D76904D5}.Release|Any CPU.ActiveCfg = Release|Any CPU
		{DC09F6CB-B3CC-4AF9-9251-EE66D76904D5}.Release|Any CPU.Build.0 = Release|Any CPU
	EndGlobalSection
	GlobalSection(SolutionProperties) = preSolution
		HideSolutionNode = FALSE
	EndGlobalSection
	GlobalSection(ExtensibilityGlobals) = postSolution
		SolutionGuid = {EACF03B6-C764-4173-B236-EF8A6D4990EA}
	EndGlobalSection
EndGlobal
